{
  "name": "silly-dataset-release-demo",
  "version": "0.1.0",
  "lockfileVersion": 3,
  "requires": true,
  "packages": {
    "": {
      "name": "silly-dataset-release-demo",
      "version": "0.1.0",
      "dependencies": {
        "@shmuggingface/core": "github:ShmuggingFace/ShmuggingFaceCore#v1.0.0"
      }
    },
    "node_modules/@shmuggingface/core": {
      "version": "1.0.0",
      "resolved": "git+ssh://git@github.com/ShmuggingFace/ShmuggingFaceCore.git#e319f9de7a06330ac910fd1bd5e8cf94048322e2",
      "license": "MIT",
      "bin": {
        "shmuggingface": "bin/shmuggingface.mjs"
      },
      "engines": {
        "node": ">=20"
      }
    }
  }
}
