{
  "name": "silly-dataset-release-demo",
  "version": "0.1.0",
  "lockfileVersion": 3,
  "requires": true,
  "packages": {
    "": {
      "name": "silly-dataset-release-demo",
      "version": "0.1.0",
      "dependencies": {
        "@shmuggingface/core": "github:ShmuggingFace/ShmuggingFaceCore#main"
      }
    },
    "node_modules/@shmuggingface/core": {
      "version": "0.1.0",
      "resolved": "git+ssh://git@github.com/ShmuggingFace/ShmuggingFaceCore.git#41f800802e71e6a55c30aeae128c71615b492b72",
      "license": "MIT",
      "bin": {
        "shmuggingface": "bin/shmuggingface.mjs"
      },
      "engines": {
        "node": ">=20"
      }
    }
  }
}
